
Microsoft Visual Studio Solution File, Format Version 12.00
# Visual Studio 14
VisualStudioVersion = 14.0.25420.1
MinimumVisualStudioVersion = 10.0.40219.1
Project("{FAE04EC0-301F-11D3-BF4B-00C04F79EFBC}") = "PricePipe", "PricePipe\PricePipe.csproj", "{AC916845-09BD-41B0-BE97-A036A3982681}"
EndProject
Project("{FAE04EC0-301F-11D3-BF4B-00C04F79EFBC}") = "ESsearchTest", "ESsearchTest\ESsearchTest.csproj", "{48DC4CFE-E580-4E0A-968D-6D8B0A160AFB}"
EndProject
Project("{FAE04EC0-301F-11D3-BF4B-00C04F79EFBC}") = "PricePipeCore", "PricePipeCore\PricePipeCore.csproj", "{9C8D22F7-49DC-4E84-9852-9399582F572D}"
EndProject
Project("{FAE04EC0-301F-11D3-BF4B-00C04F79EFBC}") = "PriceCommon", "PriceCommon\PriceCommon.csproj", "{0BDCAA8C-D511-46F0-B681-33DBED62C002}"
EndProject
Project("{FAE04EC0-301F-11D3-BF4B-00C04F79EFBC}") = "Norm.MedPrep", "Norm.MedPrep\Norm.MedPrep.csproj", "{4BAC3AC1-C876-4C4D-9CE9-541C8384F539}"
EndProject
Project("{FAE04EC0-301F-11D3-BF4B-00C04F79EFBC}") = "PricePipeWinForm", "PricePipeWinForm\PricePipeWinForm.csproj", "{C441F92B-5F7C-4013-99CD-E65FA01F8F8E}"
EndProject
Project("{FAE04EC0-301F-11D3-BF4B-00C04F79EFBC}") = "Price.WebApi", "Price.WebApi\Price.WebApi.csproj", "{4CE3D4E3-51B2-480A-8211-CEA5B021A6EA}"
EndProject
Project("{FAE04EC0-301F-11D3-BF4B-00C04F79EFBC}") = "Chrome.XPathApi", "Chrome.XPathApi\Chrome.XPathApi.csproj", "{5590897F-5388-4A9A-B8A3-11712F7CB1B7}"
EndProject
Project("{2150E333-8FDC-42A3-9474-1A3956D46DE8}") = "Xpath", "Xpath", "{EFCC0210-C0AF-492C-AB6F-0C7106A00E3A}"
EndProject
Project("{2150E333-8FDC-42A3-9474-1A3956D46DE8}") = "Norm", "Norm", "{C31C4FE1-DB89-4AD1-908B-06ABA9866EB0}"
EndProject
Project("{2150E333-8FDC-42A3-9474-1A3956D46DE8}") = "Old", "Old", "{2B34458A-8B0C-4972-9143-AB9C1851F1B2}"
EndProject
Project("{FAE04EC0-301F-11D3-BF4B-00C04F79EFBC}") = "Topol.UseApi", "Topol.UseApi\Topol.UseApi.csproj", "{A624EB69-4D81-40E6-9252-1644031C1B98}"
EndProject
Project("{FAE04EC0-301F-11D3-BF4B-00C04F79EFBC}") = "Common.Dto", "Common.Dto\Common.Dto.csproj", "{ED2886FC-F692-44B5-9328-8013183A2402}"
EndProject
Project("{FAE04EC0-301F-11D3-BF4B-00C04F79EFBC}") = "md5", "md5\md5.csproj", "{49671889-4234-4587-8DDB-01D3E70125B1}"
EndProject
Project("{FAE04EC0-301F-11D3-BF4B-00C04F79EFBC}") = "XPath.Loader", "XPath.Loader\XPath.Loader.csproj", "{BB2FFC82-FE73-4C4A-950E-EA9D08337645}"
EndProject
Project("{2150E333-8FDC-42A3-9474-1A3956D46DE8}") = "ML", "ML", "{3837B9CC-0A16-4AD3-9901-D9B9C87535F8}"
EndProject
Project("{FAE04EC0-301F-11D3-BF4B-00C04F79EFBC}") = "crf", "crf\crf.csproj", "{E2742C20-5C3D-4006-ADE2-F4C94163FA54}"
EndProject
Project("{FAE04EC0-301F-11D3-BF4B-00C04F79EFBC}") = "classified", "classified\classified.csproj", "{8D540B1E-1FF6-406C-A98B-F16EB7E312ED}"
EndProject
Project("{2150E333-8FDC-42A3-9474-1A3956D46DE8}") = "NLP", "NLP", "{DE9D5147-D4AD-4512-BD7B-896CC55F1C63}"
EndProject
Project("{FAE04EC0-301F-11D3-BF4B-00C04F79EFBC}") = "pos01", "pos01\pos01.csproj", "{5DF8CBE2-0D68-431E-B1B9-7079D6A63205}"
EndProject
Project("{2150E333-8FDC-42A3-9474-1A3956D46DE8}") = "ElasticScripts", "ElasticScripts", "{B7E6C0B5-A100-4979-B1BB-F3499764FCA9}"
	ProjectSection(SolutionItems) = preProject
		es_20180131.txt = es_20180131.txt
		es_query.txt = es_query.txt
		es_query2.txt = es_query2.txt
		es_syn.json = es_syn.json
	EndProjectSection
EndProject
Project("{FAE04EC0-301F-11D3-BF4B-00C04F79EFBC}") = "RusStemmer", "RusStemmer\RusStemmer.csproj", "{1CD0E838-0F31-492C-B47D-7DF77A0E633C}"
EndProject
Project("{FAE04EC0-301F-11D3-BF4B-00C04F79EFBC}") = "Price.Db.Entities", "Price.Db.Entities\Price.Db.Entities.csproj", "{B03942A6-D277-4BF7-B349-C490756565AF}"
EndProject
Project("{2150E333-8FDC-42A3-9474-1A3956D46DE8}") = "Db", "Db", "{E7F41E40-75F9-4110-A69B-6B213BCE3FE6}"
EndProject
Project("{FAE04EC0-301F-11D3-BF4B-00C04F79EFBC}") = "Price.Db.MySql", "Price.Db.MysSql\Price.Db.MySql.csproj", "{11655A71-29F2-4782-A08F-2AF6F002D5BF}"
EndProject
Project("{FAE04EC0-301F-11D3-BF4B-00C04F79EFBC}") = "Price.Db.Console", "Price.Db.Console\Price.Db.Console.csproj", "{FCA7962F-85B8-4967-8512-AA6211AE992F}"
EndProject
Project("{FAE04EC0-301F-11D3-BF4B-00C04F79EFBC}") = "MySqlTest.Console", "MySqlTest.Console\MySqlTest.Console.csproj", "{44EBC1BF-B1FD-43B6-8B6B-D7FFB4D4150E}"
EndProject
Project("{FAE04EC0-301F-11D3-BF4B-00C04F79EFBC}") = "CloudControl", "CloudControl\CloudControl.csproj", "{34649D7D-04A9-4092-AD0B-F7022C123FD7}"
EndProject
Project("{2150E333-8FDC-42A3-9474-1A3956D46DE8}") = "Search", "Search", "{9B3D13B6-1CBC-4CE3-A3DC-C8A9B11C8A18}"
EndProject
Project("{FAE04EC0-301F-11D3-BF4B-00C04F79EFBC}") = "BingSearch", "BingSearch\BingSearch.csproj", "{7C3A92F9-4166-4AC0-ABF6-20813E82A55F}"
EndProject
Project("{FAE04EC0-301F-11D3-BF4B-00C04F79EFBC}") = "XPath.Creator", "XPath.Creator\XPath.Creator.csproj", "{5FC29199-5123-46DE-A9C0-C349469C0E41}"
EndProject
Project("{FAE04EC0-301F-11D3-BF4B-00C04F79EFBC}") = "XPath.Utils", "XPath.Downloader\XPath.Utils.csproj", "{01435891-73CB-4338-A65B-EEC19CD37ED4}"
EndProject
Project("{2150E333-8FDC-42A3-9474-1A3956D46DE8}") = "Webshots", "Webshots", "{57DF8C65-59FD-4AA0-8C24-57B9A77267E6}"
EndProject
Project("{FAE04EC0-301F-11D3-BF4B-00C04F79EFBC}") = "Webshots_01", "Webshots_01\Webshots_01.csproj", "{3E8F7CB9-C218-4AB8-8957-0700775EBD69}"
EndProject
Project("{FAE04EC0-301F-11D3-BF4B-00C04F79EFBC}") = "Topol.WebApi", "Topol.WebApi\Topol.WebApi.csproj", "{110745E8-6004-46CA-8499-6977998C0408}"
EndProject
Global
	GlobalSection(SolutionConfigurationPlatforms) = preSolution
		Debug|Any CPU = Debug|Any CPU
		Release|Any CPU = Release|Any CPU
	EndGlobalSection
	GlobalSection(ProjectConfigurationPlatforms) = postSolution
		{AC916845-09BD-41B0-BE97-A036A3982681}.Debug|Any CPU.ActiveCfg = Debug|Any CPU
		{AC916845-09BD-41B0-BE97-A036A3982681}.Debug|Any CPU.Build.0 = Debug|Any CPU
		{AC916845-09BD-41B0-BE97-A036A3982681}.Release|Any CPU.ActiveCfg = Release|Any CPU
		{AC916845-09BD-41B0-BE97-A036A3982681}.Release|Any CPU.Build.0 = Release|Any CPU
		{48DC4CFE-E580-4E0A-968D-6D8B0A160AFB}.Debug|Any CPU.ActiveCfg = Debug|Any CPU
		{48DC4CFE-E580-4E0A-968D-6D8B0A160AFB}.Debug|Any CPU.Build.0 = Debug|Any CPU
		{48DC4CFE-E580-4E0A-968D-6D8B0A160AFB}.Release|Any CPU.ActiveCfg = Release|Any CPU
		{48DC4CFE-E580-4E0A-968D-6D8B0A160AFB}.Release|Any CPU.Build.0 = Release|Any CPU
		{9C8D22F7-49DC-4E84-9852-9399582F572D}.Debug|Any CPU.ActiveCfg = Debug|Any CPU
		{9C8D22F7-49DC-4E84-9852-9399582F572D}.Debug|Any CPU.Build.0 = Debug|Any CPU
		{9C8D22F7-49DC-4E84-9852-9399582F572D}.Release|Any CPU.ActiveCfg = Release|Any CPU
		{9C8D22F7-49DC-4E84-9852-9399582F572D}.Release|Any CPU.Build.0 = Release|Any CPU
		{0BDCAA8C-D511-46F0-B681-33DBED62C002}.Debug|Any CPU.ActiveCfg = Debug|Any CPU
		{0BDCAA8C-D511-46F0-B681-33DBED62C002}.Debug|Any CPU.Build.0 = Debug|Any CPU
		{0BDCAA8C-D511-46F0-B681-33DBED62C002}.Release|Any CPU.ActiveCfg = Release|Any CPU
		{0BDCAA8C-D511-46F0-B681-33DBED62C002}.Release|Any CPU.Build.0 = Release|Any CPU
		{4BAC3AC1-C876-4C4D-9CE9-541C8384F539}.Debug|Any CPU.ActiveCfg = Debug|Any CPU
		{4BAC3AC1-C876-4C4D-9CE9-541C8384F539}.Debug|Any CPU.Build.0 = Debug|Any CPU
		{4BAC3AC1-C876-4C4D-9CE9-541C8384F539}.Release|Any CPU.ActiveCfg = Release|Any CPU
		{4BAC3AC1-C876-4C4D-9CE9-541C8384F539}.Release|Any CPU.Build.0 = Release|Any CPU
		{C441F92B-5F7C-4013-99CD-E65FA01F8F8E}.Debug|Any CPU.ActiveCfg = Debug|Any CPU
		{C441F92B-5F7C-4013-99CD-E65FA01F8F8E}.Debug|Any CPU.Build.0 = Debug|Any CPU
		{C441F92B-5F7C-4013-99CD-E65FA01F8F8E}.Release|Any CPU.ActiveCfg = Release|Any CPU
		{C441F92B-5F7C-4013-99CD-E65FA01F8F8E}.Release|Any CPU.Build.0 = Release|Any CPU
		{4CE3D4E3-51B2-480A-8211-CEA5B021A6EA}.Debug|Any CPU.ActiveCfg = Debug|Any CPU
		{4CE3D4E3-51B2-480A-8211-CEA5B021A6EA}.Debug|Any CPU.Build.0 = Debug|Any CPU
		{4CE3D4E3-51B2-480A-8211-CEA5B021A6EA}.Release|Any CPU.ActiveCfg = Release|Any CPU
		{4CE3D4E3-51B2-480A-8211-CEA5B021A6EA}.Release|Any CPU.Build.0 = Release|Any CPU
		{5590897F-5388-4A9A-B8A3-11712F7CB1B7}.Debug|Any CPU.ActiveCfg = Debug|Any CPU
		{5590897F-5388-4A9A-B8A3-11712F7CB1B7}.Debug|Any CPU.Build.0 = Debug|Any CPU
		{5590897F-5388-4A9A-B8A3-11712F7CB1B7}.Release|Any CPU.ActiveCfg = Release|Any CPU
		{5590897F-5388-4A9A-B8A3-11712F7CB1B7}.Release|Any CPU.Build.0 = Release|Any CPU
		{A624EB69-4D81-40E6-9252-1644031C1B98}.Debug|Any CPU.ActiveCfg = Debug|Any CPU
		{A624EB69-4D81-40E6-9252-1644031C1B98}.Debug|Any CPU.Build.0 = Debug|Any CPU
		{A624EB69-4D81-40E6-9252-1644031C1B98}.Release|Any CPU.ActiveCfg = Release|Any CPU
		{A624EB69-4D81-40E6-9252-1644031C1B98}.Release|Any CPU.Build.0 = Release|Any CPU
		{ED2886FC-F692-44B5-9328-8013183A2402}.Debug|Any CPU.ActiveCfg = Debug|Any CPU
		{ED2886FC-F692-44B5-9328-8013183A2402}.Debug|Any CPU.Build.0 = Debug|Any CPU
		{ED2886FC-F692-44B5-9328-8013183A2402}.Release|Any CPU.ActiveCfg = Release|Any CPU
		{ED2886FC-F692-44B5-9328-8013183A2402}.Release|Any CPU.Build.0 = Release|Any CPU
		{49671889-4234-4587-8DDB-01D3E70125B1}.Debug|Any CPU.ActiveCfg = Debug|Any CPU
		{49671889-4234-4587-8DDB-01D3E70125B1}.Debug|Any CPU.Build.0 = Debug|Any CPU
		{49671889-4234-4587-8DDB-01D3E70125B1}.Release|Any CPU.ActiveCfg = Release|Any CPU
		{49671889-4234-4587-8DDB-01D3E70125B1}.Release|Any CPU.Build.0 = Release|Any CPU
		{BB2FFC82-FE73-4C4A-950E-EA9D08337645}.Debug|Any CPU.ActiveCfg = Debug|Any CPU
		{BB2FFC82-FE73-4C4A-950E-EA9D08337645}.Debug|Any CPU.Build.0 = Debug|Any CPU
		{BB2FFC82-FE73-4C4A-950E-EA9D08337645}.Release|Any CPU.ActiveCfg = Release|Any CPU
		{BB2FFC82-FE73-4C4A-950E-EA9D08337645}.Release|Any CPU.Build.0 = Release|Any CPU
		{E2742C20-5C3D-4006-ADE2-F4C94163FA54}.Debug|Any CPU.ActiveCfg = Debug|Any CPU
		{E2742C20-5C3D-4006-ADE2-F4C94163FA54}.Debug|Any CPU.Build.0 = Debug|Any CPU
		{E2742C20-5C3D-4006-ADE2-F4C94163FA54}.Release|Any CPU.ActiveCfg = Release|Any CPU
		{E2742C20-5C3D-4006-ADE2-F4C94163FA54}.Release|Any CPU.Build.0 = Release|Any CPU
		{8D540B1E-1FF6-406C-A98B-F16EB7E312ED}.Debug|Any CPU.ActiveCfg = Debug|Any CPU
		{8D540B1E-1FF6-406C-A98B-F16EB7E312ED}.Debug|Any CPU.Build.0 = Debug|Any CPU
		{8D540B1E-1FF6-406C-A98B-F16EB7E312ED}.Release|Any CPU.ActiveCfg = Release|Any CPU
		{8D540B1E-1FF6-406C-A98B-F16EB7E312ED}.Release|Any CPU.Build.0 = Release|Any CPU
		{5DF8CBE2-0D68-431E-B1B9-7079D6A63205}.Debug|Any CPU.ActiveCfg = Debug|Any CPU
		{5DF8CBE2-0D68-431E-B1B9-7079D6A63205}.Debug|Any CPU.Build.0 = Debug|Any CPU
		{5DF8CBE2-0D68-431E-B1B9-7079D6A63205}.Release|Any CPU.ActiveCfg = Release|Any CPU
		{5DF8CBE2-0D68-431E-B1B9-7079D6A63205}.Release|Any CPU.Build.0 = Release|Any CPU
		{1CD0E838-0F31-492C-B47D-7DF77A0E633C}.Debug|Any CPU.ActiveCfg = Debug|Any CPU
		{1CD0E838-0F31-492C-B47D-7DF77A0E633C}.Debug|Any CPU.Build.0 = Debug|Any CPU
		{1CD0E838-0F31-492C-B47D-7DF77A0E633C}.Release|Any CPU.ActiveCfg = Release|Any CPU
		{1CD0E838-0F31-492C-B47D-7DF77A0E633C}.Release|Any CPU.Build.0 = Release|Any CPU
		{B03942A6-D277-4BF7-B349-C490756565AF}.Debug|Any CPU.ActiveCfg = Debug|Any CPU
		{B03942A6-D277-4BF7-B349-C490756565AF}.Debug|Any CPU.Build.0 = Debug|Any CPU
		{B03942A6-D277-4BF7-B349-C490756565AF}.Release|Any CPU.ActiveCfg = Release|Any CPU
		{B03942A6-D277-4BF7-B349-C490756565AF}.Release|Any CPU.Build.0 = Release|Any CPU
		{11655A71-29F2-4782-A08F-2AF6F002D5BF}.Debug|Any CPU.ActiveCfg = Debug|Any CPU
		{11655A71-29F2-4782-A08F-2AF6F002D5BF}.Debug|Any CPU.Build.0 = Debug|Any CPU
		{11655A71-29F2-4782-A08F-2AF6F002D5BF}.Release|Any CPU.ActiveCfg = Release|Any CPU
		{11655A71-29F2-4782-A08F-2AF6F002D5BF}.Release|Any CPU.Build.0 = Release|Any CPU
		{FCA7962F-85B8-4967-8512-AA6211AE992F}.Debug|Any CPU.ActiveCfg = Debug|Any CPU
		{FCA7962F-85B8-4967-8512-AA6211AE992F}.Debug|Any CPU.Build.0 = Debug|Any CPU
		{FCA7962F-85B8-4967-8512-AA6211AE992F}.Release|Any CPU.ActiveCfg = Release|Any CPU
		{FCA7962F-85B8-4967-8512-AA6211AE992F}.Release|Any CPU.Build.0 = Release|Any CPU
		{44EBC1BF-B1FD-43B6-8B6B-D7FFB4D4150E}.Debug|Any CPU.ActiveCfg = Debug|Any CPU
		{44EBC1BF-B1FD-43B6-8B6B-D7FFB4D4150E}.Debug|Any CPU.Build.0 = Debug|Any CPU
		{44EBC1BF-B1FD-43B6-8B6B-D7FFB4D4150E}.Release|Any CPU.ActiveCfg = Release|Any CPU
		{44EBC1BF-B1FD-43B6-8B6B-D7FFB4D4150E}.Release|Any CPU.Build.0 = Release|Any CPU
		{34649D7D-04A9-4092-AD0B-F7022C123FD7}.Debug|Any CPU.ActiveCfg = Debug|Any CPU
		{34649D7D-04A9-4092-AD0B-F7022C123FD7}.Debug|Any CPU.Build.0 = Debug|Any CPU
		{34649D7D-04A9-4092-AD0B-F7022C123FD7}.Release|Any CPU.ActiveCfg = Release|Any CPU
		{34649D7D-04A9-4092-AD0B-F7022C123FD7}.Release|Any CPU.Build.0 = Release|Any CPU
		{7C3A92F9-4166-4AC0-ABF6-20813E82A55F}.Debug|Any CPU.ActiveCfg = Debug|Any CPU
		{7C3A92F9-4166-4AC0-ABF6-20813E82A55F}.Debug|Any CPU.Build.0 = Debug|Any CPU
		{7C3A92F9-4166-4AC0-ABF6-20813E82A55F}.Release|Any CPU.ActiveCfg = Release|Any CPU
		{7C3A92F9-4166-4AC0-ABF6-20813E82A55F}.Release|Any CPU.Build.0 = Release|Any CPU
		{5FC29199-5123-46DE-A9C0-C349469C0E41}.Debug|Any CPU.ActiveCfg = Debug|Any CPU
		{5FC29199-5123-46DE-A9C0-C349469C0E41}.Debug|Any CPU.Build.0 = Debug|Any CPU
		{5FC29199-5123-46DE-A9C0-C349469C0E41}.Release|Any CPU.ActiveCfg = Release|Any CPU
		{5FC29199-5123-46DE-A9C0-C349469C0E41}.Release|Any CPU.Build.0 = Release|Any CPU
		{01435891-73CB-4338-A65B-EEC19CD37ED4}.Debug|Any CPU.ActiveCfg = Debug|Any CPU
		{01435891-73CB-4338-A65B-EEC19CD37ED4}.Debug|Any CPU.Build.0 = Debug|Any CPU
		{01435891-73CB-4338-A65B-EEC19CD37ED4}.Release|Any CPU.ActiveCfg = Release|Any CPU
		{01435891-73CB-4338-A65B-EEC19CD37ED4}.Release|Any CPU.Build.0 = Release|Any CPU
		{3E8F7CB9-C218-4AB8-8957-0700775EBD69}.Debug|Any CPU.ActiveCfg = Debug|Any CPU
		{3E8F7CB9-C218-4AB8-8957-0700775EBD69}.Debug|Any CPU.Build.0 = Debug|Any CPU
		{3E8F7CB9-C218-4AB8-8957-0700775EBD69}.Release|Any CPU.ActiveCfg = Release|Any CPU
		{3E8F7CB9-C218-4AB8-8957-0700775EBD69}.Release|Any CPU.Build.0 = Release|Any CPU
		{110745E8-6004-46CA-8499-6977998C0408}.Debug|Any CPU.ActiveCfg = Debug|Any CPU
		{110745E8-6004-46CA-8499-6977998C0408}.Debug|Any CPU.Build.0 = Debug|Any CPU
		{110745E8-6004-46CA-8499-6977998C0408}.Release|Any CPU.ActiveCfg = Release|Any CPU
		{110745E8-6004-46CA-8499-6977998C0408}.Release|Any CPU.Build.0 = Release|Any CPU
	EndGlobalSection
	GlobalSection(SolutionProperties) = preSolution
		HideSolutionNode = FALSE
	EndGlobalSection
	GlobalSection(NestedProjects) = preSolution
		{AC916845-09BD-41B0-BE97-A036A3982681} = {2B34458A-8B0C-4972-9143-AB9C1851F1B2}
		{4BAC3AC1-C876-4C4D-9CE9-541C8384F539} = {C31C4FE1-DB89-4AD1-908B-06ABA9866EB0}
		{C441F92B-5F7C-4013-99CD-E65FA01F8F8E} = {2B34458A-8B0C-4972-9143-AB9C1851F1B2}
		{5590897F-5388-4A9A-B8A3-11712F7CB1B7} = {EFCC0210-C0AF-492C-AB6F-0C7106A00E3A}
		{49671889-4234-4587-8DDB-01D3E70125B1} = {2B34458A-8B0C-4972-9143-AB9C1851F1B2}
		{BB2FFC82-FE73-4C4A-950E-EA9D08337645} = {EFCC0210-C0AF-492C-AB6F-0C7106A00E3A}
		{E2742C20-5C3D-4006-ADE2-F4C94163FA54} = {3837B9CC-0A16-4AD3-9901-D9B9C87535F8}
		{8D540B1E-1FF6-406C-A98B-F16EB7E312ED} = {3837B9CC-0A16-4AD3-9901-D9B9C87535F8}
		{5DF8CBE2-0D68-431E-B1B9-7079D6A63205} = {DE9D5147-D4AD-4512-BD7B-896CC55F1C63}
		{1CD0E838-0F31-492C-B47D-7DF77A0E633C} = {3837B9CC-0A16-4AD3-9901-D9B9C87535F8}
		{B03942A6-D277-4BF7-B349-C490756565AF} = {E7F41E40-75F9-4110-A69B-6B213BCE3FE6}
		{11655A71-29F2-4782-A08F-2AF6F002D5BF} = {E7F41E40-75F9-4110-A69B-6B213BCE3FE6}
		{FCA7962F-85B8-4967-8512-AA6211AE992F} = {E7F41E40-75F9-4110-A69B-6B213BCE3FE6}
		{44EBC1BF-B1FD-43B6-8B6B-D7FFB4D4150E} = {E7F41E40-75F9-4110-A69B-6B213BCE3FE6}
		{7C3A92F9-4166-4AC0-ABF6-20813E82A55F} = {9B3D13B6-1CBC-4CE3-A3DC-C8A9B11C8A18}
		{5FC29199-5123-46DE-A9C0-C349469C0E41} = {EFCC0210-C0AF-492C-AB6F-0C7106A00E3A}
		{01435891-73CB-4338-A65B-EEC19CD37ED4} = {EFCC0210-C0AF-492C-AB6F-0C7106A00E3A}
		{3E8F7CB9-C218-4AB8-8957-0700775EBD69} = {57DF8C65-59FD-4AA0-8C24-57B9A77267E6}
	EndGlobalSection
EndGlobal
