
Microsoft Visual Studio Solution File, Format Version 12.00
# Visual Studio 14
VisualStudioVersion = 14.0.25420.1
MinimumVisualStudioVersion = 10.0.40219.1
Project("{FAE04EC0-301F-11D3-BF4B-00C04F79EFBC}") = "PricePipe", "PricePipe\PricePipe.csproj", "{AC916845-09BD-41B0-BE97-A036A3982681}"
EndProject
Project("{FAE04EC0-301F-11D3-BF4B-00C04F79EFBC}") = "ESsearchTest", "ESsearchTest\ESsearchTest.csproj", "{48DC4CFE-E580-4E0A-968D-6D8B0A160AFB}"
EndProject
Project("{FAE04EC0-301F-11D3-BF4B-00C04F79EFBC}") = "PricePipeCore", "PricePipeCore\PricePipeCore.csproj", "{9C8D22F7-49DC-4E84-9852-9399582F572D}"
EndProject
Project("{FAE04EC0-301F-11D3-BF4B-00C04F79EFBC}") = "PriceCommon", "PriceCommon\PriceCommon.csproj", "{0BDCAA8C-D511-46F0-B681-33DBED62C002}"
EndProject
Project("{FAE04EC0-301F-11D3-BF4B-00C04F79EFBC}") = "Norm.MedPrep", "Norm.MedPrep\Norm.MedPrep.csproj", "{4BAC3AC1-C876-4C4D-9CE9-541C8384F539}"
EndProject
Project("{FAE04EC0-301F-11D3-BF4B-00C04F79EFBC}") = "PricePipeWinForm", "PricePipeWinForm\PricePipeWinForm.csproj", "{C441F92B-5F7C-4013-99CD-E65FA01F8F8E}"
EndProject
Project("{FAE04EC0-301F-11D3-BF4B-00C04F79EFBC}") = "Price.WebApi", "Price.WebApi\Price.WebApi.csproj", "{4CE3D4E3-51B2-480A-8211-CEA5B021A6EA}"
EndProject
Project("{FAE04EC0-301F-11D3-BF4B-00C04F79EFBC}") = "AddProducer", "AddProducer\AddProducer.csproj", "{687879FF-CFC5-4FF2-90F0-BF110567CAFB}"
EndProject
Project("{FAE04EC0-301F-11D3-BF4B-00C04F79EFBC}") = "Chrome.XPathApi", "Chrome.XPathApi\Chrome.XPathApi.csproj", "{5590897F-5388-4A9A-B8A3-11712F7CB1B7}"
EndProject
Project("{FAE04EC0-301F-11D3-BF4B-00C04F79EFBC}") = "Browser.WinForm", "Browser.WinForm\Browser.WinForm.csproj", "{47187B0C-8D1A-45F6-A1B3-222E659A9918}"
EndProject
Global
	GlobalSection(SolutionConfigurationPlatforms) = preSolution
		Debug|Any CPU = Debug|Any CPU
		Release|Any CPU = Release|Any CPU
	EndGlobalSection
	GlobalSection(ProjectConfigurationPlatforms) = postSolution
		{AC916845-09BD-41B0-BE97-A036A3982681}.Debug|Any CPU.ActiveCfg = Debug|Any CPU
		{AC916845-09BD-41B0-BE97-A036A3982681}.Debug|Any CPU.Build.0 = Debug|Any CPU
		{AC916845-09BD-41B0-BE97-A036A3982681}.Release|Any CPU.ActiveCfg = Release|Any CPU
		{AC916845-09BD-41B0-BE97-A036A3982681}.Release|Any CPU.Build.0 = Release|Any CPU
		{48DC4CFE-E580-4E0A-968D-6D8B0A160AFB}.Debug|Any CPU.ActiveCfg = Debug|Any CPU
		{48DC4CFE-E580-4E0A-968D-6D8B0A160AFB}.Debug|Any CPU.Build.0 = Debug|Any CPU
		{48DC4CFE-E580-4E0A-968D-6D8B0A160AFB}.Release|Any CPU.ActiveCfg = Release|Any CPU
		{48DC4CFE-E580-4E0A-968D-6D8B0A160AFB}.Release|Any CPU.Build.0 = Release|Any CPU
		{9C8D22F7-49DC-4E84-9852-9399582F572D}.Debug|Any CPU.ActiveCfg = Debug|Any CPU
		{9C8D22F7-49DC-4E84-9852-9399582F572D}.Debug|Any CPU.Build.0 = Debug|Any CPU
		{9C8D22F7-49DC-4E84-9852-9399582F572D}.Release|Any CPU.ActiveCfg = Release|Any CPU
		{9C8D22F7-49DC-4E84-9852-9399582F572D}.Release|Any CPU.Build.0 = Release|Any CPU
		{0BDCAA8C-D511-46F0-B681-33DBED62C002}.Debug|Any CPU.ActiveCfg = Debug|Any CPU
		{0BDCAA8C-D511-46F0-B681-33DBED62C002}.Debug|Any CPU.Build.0 = Debug|Any CPU
		{0BDCAA8C-D511-46F0-B681-33DBED62C002}.Release|Any CPU.ActiveCfg = Release|Any CPU
		{0BDCAA8C-D511-46F0-B681-33DBED62C002}.Release|Any CPU.Build.0 = Release|Any CPU
		{4BAC3AC1-C876-4C4D-9CE9-541C8384F539}.Debug|Any CPU.ActiveCfg = Debug|Any CPU
		{4BAC3AC1-C876-4C4D-9CE9-541C8384F539}.Debug|Any CPU.Build.0 = Debug|Any CPU
		{4BAC3AC1-C876-4C4D-9CE9-541C8384F539}.Release|Any CPU.ActiveCfg = Release|Any CPU
		{4BAC3AC1-C876-4C4D-9CE9-541C8384F539}.Release|Any CPU.Build.0 = Release|Any CPU
		{C441F92B-5F7C-4013-99CD-E65FA01F8F8E}.Debug|Any CPU.ActiveCfg = Debug|Any CPU
		{C441F92B-5F7C-4013-99CD-E65FA01F8F8E}.Debug|Any CPU.Build.0 = Debug|Any CPU
		{C441F92B-5F7C-4013-99CD-E65FA01F8F8E}.Release|Any CPU.ActiveCfg = Release|Any CPU
		{C441F92B-5F7C-4013-99CD-E65FA01F8F8E}.Release|Any CPU.Build.0 = Release|Any CPU
		{4CE3D4E3-51B2-480A-8211-CEA5B021A6EA}.Debug|Any CPU.ActiveCfg = Debug|Any CPU
		{4CE3D4E3-51B2-480A-8211-CEA5B021A6EA}.Debug|Any CPU.Build.0 = Debug|Any CPU
		{4CE3D4E3-51B2-480A-8211-CEA5B021A6EA}.Release|Any CPU.ActiveCfg = Release|Any CPU
		{4CE3D4E3-51B2-480A-8211-CEA5B021A6EA}.Release|Any CPU.Build.0 = Release|Any CPU
		{687879FF-CFC5-4FF2-90F0-BF110567CAFB}.Debug|Any CPU.ActiveCfg = Debug|Any CPU
		{687879FF-CFC5-4FF2-90F0-BF110567CAFB}.Debug|Any CPU.Build.0 = Debug|Any CPU
		{687879FF-CFC5-4FF2-90F0-BF110567CAFB}.Release|Any CPU.ActiveCfg = Release|Any CPU
		{687879FF-CFC5-4FF2-90F0-BF110567CAFB}.Release|Any CPU.Build.0 = Release|Any CPU
		{5590897F-5388-4A9A-B8A3-11712F7CB1B7}.Debug|Any CPU.ActiveCfg = Debug|Any CPU
		{5590897F-5388-4A9A-B8A3-11712F7CB1B7}.Debug|Any CPU.Build.0 = Debug|Any CPU
		{5590897F-5388-4A9A-B8A3-11712F7CB1B7}.Release|Any CPU.ActiveCfg = Release|Any CPU
		{5590897F-5388-4A9A-B8A3-11712F7CB1B7}.Release|Any CPU.Build.0 = Release|Any CPU
		{47187B0C-8D1A-45F6-A1B3-222E659A9918}.Debug|Any CPU.ActiveCfg = Debug|Any CPU
		{47187B0C-8D1A-45F6-A1B3-222E659A9918}.Debug|Any CPU.Build.0 = Debug|Any CPU
		{47187B0C-8D1A-45F6-A1B3-222E659A9918}.Release|Any CPU.ActiveCfg = Release|Any CPU
		{47187B0C-8D1A-45F6-A1B3-222E659A9918}.Release|Any CPU.Build.0 = Release|Any CPU
	EndGlobalSection
	GlobalSection(SolutionProperties) = preSolution
		HideSolutionNode = FALSE
	EndGlobalSection
EndGlobal
